
Microsoft Visual Studio Solution File, Format Version 12.00
# Visual Studio Version 17
VisualStudioVersion = 17.10.34916.146
MinimumVisualStudioVersion = 10.0.40219.1
Project("{FAE04EC0-301F-11D3-BF4B-00C04F79EFBC}") = "ProyectoExamenU1API", "ProyectoExamenU1API\ProyectoExamenU1API.csproj", "{3452EC19-1EE3-43A6-924E-DEFFFB392CAF}"
EndProject
Global
	GlobalSection(SolutionConfigurationPlatforms) = preSolution
		Debug|Any CPU = Debug|Any CPU
		Release|Any CPU = Release|Any CPU
	EndGlobalSection
	GlobalSection(ProjectConfigurationPlatforms) = postSolution
		{3452EC19-1EE3-43A6-924E-DEFFFB392CAF}.Debug|Any CPU.ActiveCfg = Debug|Any CPU
		{3452EC19-1EE3-43A6-924E-DEFFFB392CAF}.Debug|Any CPU.Build.0 = Debug|Any CPU
		{3452EC19-1EE3-43A6-924E-DEFFFB392CAF}.Release|Any CPU.ActiveCfg = Release|Any CPU
		{3452EC19-1EE3-43A6-924E-DEFFFB392CAF}.Release|Any CPU.Build.0 = Release|Any CPU
	EndGlobalSection
	GlobalSection(SolutionProperties) = preSolution
		HideSolutionNode = FALSE
	EndGlobalSection
	GlobalSection(ExtensibilityGlobals) = postSolution
		SolutionGuid = {0E0F43FD-A8E0-495B-A0CF-B363415EDD53}
	EndGlobalSection
EndGlobal
